
Microsoft Visual Studio Solution File, Format Version 12.00
# Visual Studio Version 17
VisualStudioVersion = 17.7.34221.43
MinimumVisualStudioVersion = 10.0.40219.1
Project("{FAE04EC0-301F-11D3-BF4B-00C04F79EFBC}") = "API-Server", "API-Server\API-Server.csproj", "{76E1F0B7-DF63-499E-9F1D-80A767A1CF1A}"
EndProject
Global
	GlobalSection(SolutionConfigurationPlatforms) = preSolution
		Debug|Any CPU = Debug|Any CPU
		Release|Any CPU = Release|Any CPU
	EndGlobalSection
	GlobalSection(ProjectConfigurationPlatforms) = postSolution
		{76E1F0B7-DF63-499E-9F1D-80A767A1CF1A}.Debug|Any CPU.ActiveCfg = Debug|Any CPU
		{76E1F0B7-DF63-499E-9F1D-80A767A1CF1A}.Debug|Any CPU.Build.0 = Debug|Any CPU
		{76E1F0B7-DF63-499E-9F1D-80A767A1CF1A}.Release|Any CPU.ActiveCfg = Release|Any CPU
		{76E1F0B7-DF63-499E-9F1D-80A767A1CF1A}.Release|Any CPU.Build.0 = Release|Any CPU
	EndGlobalSection
	GlobalSection(SolutionProperties) = preSolution
		HideSolutionNode = FALSE
	EndGlobalSection
	GlobalSection(ExtensibilityGlobals) = postSolution
		SolutionGuid = {5659CAA8-3A66-4E33-A8D9-8FB1658B2AC5}
	EndGlobalSection
EndGlobal
